
Microsoft Visual Studio Solution File, Format Version 12.00
# Visual Studio 14
VisualStudioVersion = 14.0.25420.1
MinimumVisualStudioVersion = 10.0.40219.1
Project("{2150E333-8FDC-42A3-9474-1A3956D46DE8}") = "src", "src", "{02CBD269-C3F1-49CE-8901-7C66CFB037CE}"
EndProject
Project("{2150E333-8FDC-42A3-9474-1A3956D46DE8}") = "Solution Items", "Solution Items", "{FF4621D0-4607-41EA-97B8-36411F87C417}"
	ProjectSection(SolutionItems) = preProject
		global.json = global.json
	EndProjectSection
EndProject
Project("{8BB2217D-0F2D-49D1-97BC-3654ED321F3B}") = "ChatService", "src\ChatService\ChatService.xproj", "{287E3399-9B8F-4A2B-9D38-5A07B9F256E6}"
EndProject
Project("{8BB2217D-0F2D-49D1-97BC-3654ED321F3B}") = "AssistModule", "src\AssistModule\AssistModule.xproj", "{853BB2C9-B974-461D-A6C0-01E827EF4E35}"
EndProject
Project("{8BB2217D-0F2D-49D1-97BC-3654ED321F3B}") = "ProfileModule", "src\ProfileModule\ProfileModule.xproj", "{3EE3AE47-ED01-44CA-9F35-DB15093E1A20}"
EndProject
Project("{8BB2217D-0F2D-49D1-97BC-3654ED321F3B}") = "DataModule", "src\DataModule\DataModule.xproj", "{30EEF290-944E-493F-9C34-B2FA4EBF5E98}"
EndProject
Project("{8BB2217D-0F2D-49D1-97BC-3654ED321F3B}") = "ChatModule", "src\ChatModule\ChatModule.xproj", "{84B1316A-EBC9-441B-AA1B-6397335D6D2D}"
EndProject
Global
	GlobalSection(SolutionConfigurationPlatforms) = preSolution
		Debug|Any CPU = Debug|Any CPU
		Release|Any CPU = Release|Any CPU
	EndGlobalSection
	GlobalSection(ProjectConfigurationPlatforms) = postSolution
		{287E3399-9B8F-4A2B-9D38-5A07B9F256E6}.Debug|Any CPU.ActiveCfg = Debug|Any CPU
		{287E3399-9B8F-4A2B-9D38-5A07B9F256E6}.Debug|Any CPU.Build.0 = Debug|Any CPU
		{287E3399-9B8F-4A2B-9D38-5A07B9F256E6}.Release|Any CPU.ActiveCfg = Release|Any CPU
		{287E3399-9B8F-4A2B-9D38-5A07B9F256E6}.Release|Any CPU.Build.0 = Release|Any CPU
		{853BB2C9-B974-461D-A6C0-01E827EF4E35}.Debug|Any CPU.ActiveCfg = Debug|Any CPU
		{853BB2C9-B974-461D-A6C0-01E827EF4E35}.Debug|Any CPU.Build.0 = Debug|Any CPU
		{853BB2C9-B974-461D-A6C0-01E827EF4E35}.Release|Any CPU.ActiveCfg = Release|Any CPU
		{853BB2C9-B974-461D-A6C0-01E827EF4E35}.Release|Any CPU.Build.0 = Release|Any CPU
		{3EE3AE47-ED01-44CA-9F35-DB15093E1A20}.Debug|Any CPU.ActiveCfg = Debug|Any CPU
		{3EE3AE47-ED01-44CA-9F35-DB15093E1A20}.Debug|Any CPU.Build.0 = Debug|Any CPU
		{3EE3AE47-ED01-44CA-9F35-DB15093E1A20}.Release|Any CPU.ActiveCfg = Release|Any CPU
		{3EE3AE47-ED01-44CA-9F35-DB15093E1A20}.Release|Any CPU.Build.0 = Release|Any CPU
		{30EEF290-944E-493F-9C34-B2FA4EBF5E98}.Debug|Any CPU.ActiveCfg = Debug|Any CPU
		{30EEF290-944E-493F-9C34-B2FA4EBF5E98}.Debug|Any CPU.Build.0 = Debug|Any CPU
		{30EEF290-944E-493F-9C34-B2FA4EBF5E98}.Release|Any CPU.ActiveCfg = Release|Any CPU
		{30EEF290-944E-493F-9C34-B2FA4EBF5E98}.Release|Any CPU.Build.0 = Release|Any CPU
		{84B1316A-EBC9-441B-AA1B-6397335D6D2D}.Debug|Any CPU.ActiveCfg = Debug|Any CPU
		{84B1316A-EBC9-441B-AA1B-6397335D6D2D}.Debug|Any CPU.Build.0 = Debug|Any CPU
		{84B1316A-EBC9-441B-AA1B-6397335D6D2D}.Release|Any CPU.ActiveCfg = Release|Any CPU
		{84B1316A-EBC9-441B-AA1B-6397335D6D2D}.Release|Any CPU.Build.0 = Release|Any CPU
	EndGlobalSection
	GlobalSection(SolutionProperties) = preSolution
		HideSolutionNode = FALSE
	EndGlobalSection
	GlobalSection(NestedProjects) = preSolution
		{287E3399-9B8F-4A2B-9D38-5A07B9F256E6} = {02CBD269-C3F1-49CE-8901-7C66CFB037CE}
		{853BB2C9-B974-461D-A6C0-01E827EF4E35} = {02CBD269-C3F1-49CE-8901-7C66CFB037CE}
		{3EE3AE47-ED01-44CA-9F35-DB15093E1A20} = {02CBD269-C3F1-49CE-8901-7C66CFB037CE}
		{30EEF290-944E-493F-9C34-B2FA4EBF5E98} = {02CBD269-C3F1-49CE-8901-7C66CFB037CE}
		{84B1316A-EBC9-441B-AA1B-6397335D6D2D} = {02CBD269-C3F1-49CE-8901-7C66CFB037CE}
	EndGlobalSection
EndGlobal
